
Microsoft Visual Studio Solution File, Format Version 12.00
# Visual Studio Version 17
VisualStudioVersion = 17.9.34723.18
MinimumVisualStudioVersion = 10.0.40219.1
Project("{FAE04EC0-301F-11D3-BF4B-00C04F79EFBC}") = "JwtAuth.WebApi", "JwtAuth\JwtAuth.WebApi.csproj", "{DCBF4670-0075-482E-9819-3223A39CD207}"
EndProject
Global
	GlobalSection(SolutionConfigurationPlatforms) = preSolution
		Debug|Any CPU = Debug|Any CPU
		Release|Any CPU = Release|Any CPU
	EndGlobalSection
	GlobalSection(ProjectConfigurationPlatforms) = postSolution
		{DCBF4670-0075-482E-9819-3223A39CD207}.Debug|Any CPU.ActiveCfg = Debug|Any CPU
		{DCBF4670-0075-482E-9819-3223A39CD207}.Debug|Any CPU.Build.0 = Debug|Any CPU
		{DCBF4670-0075-482E-9819-3223A39CD207}.Release|Any CPU.ActiveCfg = Release|Any CPU
		{DCBF4670-0075-482E-9819-3223A39CD207}.Release|Any CPU.Build.0 = Release|Any CPU
	EndGlobalSection
	GlobalSection(SolutionProperties) = preSolution
		HideSolutionNode = FALSE
	EndGlobalSection
	GlobalSection(ExtensibilityGlobals) = postSolution
		SolutionGuid = {ED4FA152-EAB8-4EC3-9450-12FA4C08D2A4}
	EndGlobalSection
EndGlobal
